PODS:
  - YYSocketKit (1.0.4):
    - YYSocketKit/Framework (= 1.0.4)
    - YYSocketKit/Headers (= 1.0.4)
  - YYSocketKit/Framework (1.0.4)
  - YYSocketKit/Headers (1.0.4)

DEPENDENCIES:
  - YYSocketKit (from `../`)

EXTERNAL SOURCES:
  YYSocketKit:
    :path: "../"

SPEC CHECKSUMS:
  YYSocketKit: b36e89604b69179a2afc9a1ea3d3b492f1d9f475

PODFILE CHECKSUM: e1750eae2cc48eb0536f4e77267301da495c8a64

COCOAPODS: 1.10.0
