PODS:
  - YYSocketKit (1.0.2):
    - YYSocketKit/Headers (= 1.0.2)
  - YYSocketKit/Headers (1.0.2)

DEPENDENCIES:
  - YYSocketKit (from `../`)

EXTERNAL SOURCES:
  YYSocketKit:
    :path: "../"

SPEC CHECKSUMS:
  YYSocketKit: 7f9c2c320e80c503b413b2255b77578ff34b588d

PODFILE CHECKSUM: e1750eae2cc48eb0536f4e77267301da495c8a64

COCOAPODS: 1.10.0
